// !$*UTF8*$!
{
	archiveVersion = 1;
	classes = {
	};
	objectVersion = 56;
	objects = {

/* Begin PBXBuildFile section */
		94B503DE2986C42A00D3F8F5 /* CycleAlarm Watch App.app in Embed Watch Content */ = {isa = PBXBuildFile; fileRef = 94B503DD2986C42A00D3F8F5 /* CycleAlarm Watch App.app */; settings = {ATTRIBUTES = (RemoveHeadersOnCopy, ); }; };
		94B503E32986C42A00D3F8F5 /* CycleAlarmApp.swift in Sources */ = {isa = PBXBuildFile; fileRef = 94B503E22986C42A00D3F8F5 /* CycleAlarmApp.swift */; };
		94B503E52986C42A00D3F8F5 /* ContentView.swift in Sources */ = {isa = PBXBuildFile; fileRef = 94B503E42986C42A00D3F8F5 /* ContentView.swift */; };
		94B503E72986C42B00D3F8F5 /* Assets.xcassets in Resources */ = {isa = PBXBuildFile; fileRef = 94B503E62986C42B00D3F8F5 /* Assets.xcassets */; };
		94B503EA2986C42B00D3F8F5 /* Preview Assets.xcassets in Resources */ = {isa = PBXBuildFile; fileRef = 94B503E92986C42B00D3F8F5 /* Preview Assets.xcassets */; };
/* End PBXBuildFile section */

/* Begin PBXContainerItemProxy section */
		94B503DF2986C42A00D3F8F5 /* PBXContainerItemProxy */ = {
			isa = PBXContainerItemProxy;
			containerPortal = 94B503D12986C42A00D3F8F5 /* Project object */;
			proxyType = 1;
			remoteGlobalIDString = 94B503DC2986C42A00D3F8F5;
			remoteInfo = "CycleAlarm Watch App";
		};
/* End PBXContainerItemProxy section */

/* Begin PBXCopyFilesBuildPhase section */
		94B503F02986C42B00D3F8F5 /* Embed Watch Content */ = {
			isa = PBXCopyFilesBuildPhase;
			buildActionMask = 2147483647;
			dstPath = "$(CONTENTS_FOLDER_PATH)/Watch";
			dstSubfolderSpec = 16;
			files = (
				94B503DE2986C42A00D3F8F5 /* CycleAlarm Watch App.app in Embed Watch Content */,
			);
			name = "Embed Watch Content";
			runOnlyForDeploymentPostprocessing = 0;
		};
/* End PBXCopyFilesBuildPhase section */

/* Begin PBXFileReference section */
		94B503D72986C42A00D3F8F5 /* CycleAlarm.app */ = {isa = PBXFileReference; explicitFileType = wrapper.application; includeInIndex = 0; path = CycleAlarm.app; sourceTree = BUILT_PRODUCTS_DIR; };
		94B503DD2986C42A00D3F8F5 /* CycleAlarm Watch App.app */ = {isa = PBXFileReference; explicitFileType = wrapper.application; includeInIndex = 0; path = "CycleAlarm Watch App.app"; sourceTree = BUILT_PRODUCTS_DIR; };
		94B503E22986C42A00D3F8F5 /* CycleAlarmApp.swift */ = {isa = PBXFileReference; lastKnownFileType = sourcecode.swift; path = CycleAlarmApp.swift; sourceTree = "<group>"; };
		94B503E42986C42A00D3F8F5 /* ContentView.swift */ = {isa = PBXFileReference; lastKnownFileType = sourcecode.swift; path = ContentView.swift; sourceTree = "<group>"; };
		94B503E62986C42B00D3F8F5 /* Assets.xcassets */ = {isa = PBXFileReference; lastKnownFileType = folder.assetcatalog; path = Assets.xcassets; sourceTree = "<group>"; };
		94B503E92986C42B00D3F8F5 /* Preview Assets.xcassets */ = {isa = PBXFileReference; lastKnownFileType = folder.assetcatalog; path = "Preview Assets.xcassets"; sourceTree = "<group>"; };
/* End PBXFileReference section */

/* Begin PBXFrameworksBuildPhase section */
		94B503DA2986C42A00D3F8F5 /* Frameworks */ = {
			isa = PBXFrameworksBuildPhase;
			buildActionMask = 2147483647;
			files = (
			);
			runOnlyForDeploymentPostprocessing = 0;
		};
/* End PBXFrameworksBuildPhase section */

/* Begin PBXGroup section */
		94B503D02986C42A00D3F8F5 = {
			isa = PBXGroup;
			children = (
				94B503E12986C42A00D3F8F5 /* CycleAlarm Watch App */,
				94B503D82986C42A00D3F8F5 /* Products */,
			);
			sourceTree = "<group>";
		};
		94B503D82986C42A00D3F8F5 /* Products */ = {
			isa = PBXGroup;
			children = (
				94B503D72986C42A00D3F8F5 /* CycleAlarm.app */,
				94B503DD2986C42A00D3F8F5 /* CycleAlarm Watch App.app */,
			);
			name = Products;
			sourceTree = "<group>";
		};
		94B503E12986C42A00D3F8F5 /* CycleAlarm Watch App */ = {
			isa = PBXGroup;
			children = (
				94B503E22986C42A00D3F8F5 /* CycleAlarmApp.swift */,
				94B503E42986C42A00D3F8F5 /* ContentView.swift */,
				94B503E62986C42B00D3F8F5 /* Assets.xcassets */,
				94B503E82986C42B00D3F8F5 /* Preview Content */,
			);
			path = "CycleAlarm Watch App";
			sourceTree = "<group>";
		};
		94B503E82986C42B00D3F8F5 /* Preview Content */ = {
			isa = PBXGroup;
			children = (
				94B503E92986C42B00D3F8F5 /* Preview Assets.xcassets */,
			);
			path = "Preview Content";
			sourceTree = "<group>";
		};
/* End PBXGroup section */

/* Begin PBXNativeTarget section */
		94B503D62986C42A00D3F8F5 /* CycleAlarm */ = {
			isa = PBXNativeTarget;
			buildConfigurationList = 94B503F12986C42B00D3F8F5 /* Build configuration list for PBXNativeTarget "CycleAlarm" */;
			buildPhases = (
				94B503D52986C42A00D3F8F5 /* Resources */,
				94B503F02986C42B00D3F8F5 /* Embed Watch Content */,
			);
			buildRules = (
			);
			dependencies = (
				94B503E02986C42A00D3F8F5 /* PBXTargetDependency */,
			);
			name = CycleAlarm;
			productName = CycleAlarm;
			productReference = 94B503D72986C42A00D3F8F5 /* CycleAlarm.app */;
			productType = "com.apple.product-type.application.watchapp2-container";
		};
		94B503DC2986C42A00D3F8F5 /* CycleAlarm Watch App */ = {
			isa = PBXNativeTarget;
			buildConfigurationList = 94B503ED2986C42B00D3F8F5 /* Build configuration list for PBXNativeTarget "CycleAlarm Watch App" */;
			buildPhases = (
				94B503D92986C42A00D3F8F5 /* Sources */,
				94B503DA2986C42A00D3F8F5 /* Frameworks */,
				94B503DB2986C42A00D3F8F5 /* Resources */,
			);
			buildRules = (
			);
			dependencies = (
			);
			name = "CycleAlarm Watch App";
			productName = "CycleAlarm Watch App";
			productReference = 94B503DD2986C42A00D3F8F5 /* CycleAlarm Watch App.app */;
			productType = "com.apple.product-type.application";
		};
/* End PBXNativeTarget section */

/* Begin PBXProject section */
		94B503D12986C42A00D3F8F5 /* Project object */ = {
			isa = PBXProject;
			attributes = {
				BuildIndependentTargetsInParallel = 1;
				LastSwiftUpdateCheck = 1420;
				LastUpgradeCheck = 1420;
				TargetAttributes = {
					94B503D62986C42A00D3F8F5 = {
						CreatedOnToolsVersion = 14.2;
					};
					94B503DC2986C42A00D3F8F5 = {
						CreatedOnToolsVersion = 14.2;
					};
				};
			};
			buildConfigurationList = 94B503D42986C42A00D3F8F5 /* Build configuration list for PBXProject "CycleAlarm" */;
			compatibilityVersion = "Xcode 14.0";
			developmentRegion = en;
			hasScannedForEncodings = 0;
			knownRegions = (
				en,
				Base,
			);
			mainGroup = 94B503D02986C42A00D3F8F5;
			productRefGroup = 94B503D82986C42A00D3F8F5 /* Products */;
			projectDirPath = "";
			projectRoot = "";
			targets = (
				94B503D62986C42A00D3F8F5 /* CycleAlarm */,
				94B503DC2986C42A00D3F8F5 /* CycleAlarm Watch App */,
			);
		};
/* End PBXProject section */

/* Begin PBXResourcesBuildPhase section */
		94B503D52986C42A00D3F8F5 /* Resources */ = {
			isa = PBXResourcesBuildPhase;
			buildActionMask = 2147483647;
			files = (
			);
			runOnlyForDeploymentPostprocessing = 0;
		};
		94B503DB2986C42A00D3F8F5 /* Resources */ = {
			isa = PBXResourcesBuildPhase;
			buildActionMask = 2147483647;
			files = (
				94B503EA2986C42B00D3F8F5 /* Preview Assets.xcassets in Resources */,
				94B503E72986C42B00D3F8F5 /* Assets.xcassets in Resources */,
			);
			runOnlyForDeploymentPostprocessing = 0;
		};
/* End PBXResourcesBuildPhase section */

/* Begin PBXSourcesBuildPhase section */
		94B503D92986C42A00D3F8F5 /* Sources */ = {
			isa = PBXSourcesBuildPhase;
			buildActionMask = 2147483647;
			files = (
				94B503E52986C42A00D3F8F5 /* ContentView.swift in Sources */,
				94B503E32986C42A00D3F8F5 /* CycleAlarmApp.swift in Sources */,
			);
			runOnlyForDeploymentPostprocessing = 0;
		};
/* End PBXSourcesBuildPhase section */

/* Begin PBXTargetDependency section */
		94B503E02986C42A00D3F8F5 /* PBXTargetDependency */ = {
			isa = PBXTargetDependency;
			target = 94B503DC2986C42A00D3F8F5 /* CycleAlarm Watch App */;
			targetProxy = 94B503DF2986C42A00D3F8F5 /* PBXContainerItemProxy */;
		};
/* End PBXTargetDependency section */

/* Begin XCBuildConfiguration section */
		94B503EB2986C42B00D3F8F5 /* Debug */ = {
			isa = XCBuildConfiguration;
			buildSettings = {
				ALWAYS_SEARCH_USER_PATHS = NO;
				CLANG_ANALYZER_NONNULL = YES;
				CLANG_ANALYZER_NUMBER_OBJECT_CONVERSION = YES_AGGRESSIVE;
				CLANG_CXX_LANGUAGE_STANDARD = "gnu++20";
				CLANG_ENABLE_MODULES = YES;
				CLANG_ENABLE_OBJC_ARC = YES;
				CLANG_ENABLE_OBJC_WEAK = YES;
				CLANG_WARN_BLOCK_CAPTURE_AUTORELEASING = YES;
				CLANG_WARN_BOOL_CONVERSION = YES;
				CLANG_WARN_COMMA = YES;
				CLANG_WARN_CONSTANT_CONVERSION = YES;
				CLANG_WARN_DEPRECATED_OBJC_IMPLEMENTATIONS = YES;
				CLANG_WARN_DIRECT_OBJC_ISA_USAGE = YES_ERROR;
				CLANG_WARN_DOCUMENTATION_COMMENTS = YES;
				CLANG_WARN_EMPTY_BODY = YES;
				CLANG_WARN_ENUM_CONVERSION = YES;
				CLANG_WARN_INFINITE_RECURSION = YES;
				CLANG_WARN_INT_CONVERSION = YES;
				CLANG_WARN_NON_LITERAL_NULL_CONVERSION = YES;
				CLANG_WARN_OBJC_IMPLICIT_RETAIN_SELF = YES;
				CLANG_WARN_OBJC_LITERAL_CONVERSION = YES;
				CLANG_WARN_OBJC_ROOT_CLASS = YES_ERROR;
				CLANG_WARN_QUOTED_INCLUDE_IN_FRAMEWORK_HEADER = YES;
				CLANG_WARN_RANGE_LOOP_ANALYSIS = YES;
				CLANG_WARN_STRICT_PROTOTYPES = YES;
				CLANG_WARN_SUSPICIOUS_MOVE = YES;
				CLANG_WARN_UNGUARDED_AVAILABILITY = YES_AGGRESSIVE;
				CLANG_WARN_UNREACHABLE_CODE = YES;
				CLANG_WARN__DUPLICATE_METHOD_MATCH = YES;
				COPY_PHASE_STRIP = NO;
				DEBUG_INFORMATION_FORMAT = dwarf;
				ENABLE_STRICT_OBJC_MSGSEND = YES;
				ENABLE_TESTABILITY = YES;
				GCC_C_LANGUAGE_STANDARD = gnu11;
				GCC_DYNAMIC_NO_PIC = NO;
				GCC_NO_COMMON_BLOCKS = YES;
				GCC_OPTIMIZATION_LEVEL = 0;
				GCC_PREPROCESSOR_DEFINITIONS = (
					"DEBUG=1",
					"$(inherited)",
				);
				GCC_WARN_64_TO_32_BIT_CONVERSION = YES;
				GCC_WARN_ABOUT_RETURN_TYPE = YES_ERROR;
				GCC_WARN_UNDECLARED_SELECTOR = YES;
				GCC_WARN_UNINITIALIZED_AUTOS = YES_AGGRESSIVE;
				GCC_WARN_UNUSED_FUNCTION = YES;
				GCC_WARN_UNUSED_VARIABLE = YES;
				MTL_ENABLE_DEBUG_INFO = INCLUDE_SOURCE;
				MTL_FAST_MATH = YES;
				ONLY_ACTIVE_ARCH = YES;
				SWIFT_ACTIVE_COMPILATION_CONDITIONS = DEBUG;
				SWIFT_OPTIMIZATION_LEVEL = "-Onone";
			};
			name = Debug;
		};
		94B503EC2986C42B00D3F8F5 /* Release */ = {
			isa = XCBuildConfiguration;
			buildSettings = {
				ALWAYS_SEARCH_USER_PATHS = NO;
				CLANG_ANALYZER_NONNULL = YES;
				CLANG_ANALYZER_NUMBER_OBJECT_CONVERSION = YES_AGGRESSIVE;
				CLANG_CXX_LANGUAGE_STANDARD = "gnu++20";
				CLANG_ENABLE_MODULES = YES;
				CLANG_ENABLE_OBJC_ARC = YES;
				CLANG_ENABLE_OBJC_WEAK = YES;
				CLANG_WARN_BLOCK_CAPTURE_AUTORELEASING = YES;
				CLANG_WARN_BOOL_CONVERSION = YES;
				CLANG_WARN_COMMA = YES;
				CLANG_WARN_CONSTANT_CONVERSION = YES;
				CLANG_WARN_DEPRECATED_OBJC_IMPLEMENTATIONS = YES;
				CLANG_WARN_DIRECT_OBJC_ISA_USAGE = YES_ERROR;
				CLANG_WARN_DOCUMENTATION_COMMENTS = YES;
				CLANG_WARN_EMPTY_BODY = YES;
				CLANG_WARN_ENUM_CONVERSION = YES;
				CLANG_WARN_INFINITE_RECURSION = YES;
				CLANG_WARN_INT_CONVERSION = YES;
				CLANG_WARN_NON_LITERAL_NULL_CONVERSION = YES;
				CLANG_WARN_OBJC_IMPLICIT_RETAIN_SELF = YES;
				CLANG_WARN_OBJC_LITERAL_CONVERSION = YES;
				CLANG_WARN_OBJC_ROOT_CLASS = YES_ERROR;
				CLANG_WARN_QUOTED_INCLUDE_IN_FRAMEWORK_HEADER = YES;
				CLANG_WARN_RANGE_LOOP_ANALYSIS = YES;
				CLANG_WARN_STRICT_PROTOTYPES = YES;
				CLANG_WARN_SUSPICIOUS_MOVE = YES;
				CLANG_WARN_UNGUARDED_AVAILABILITY = YES_AGGRESSIVE;
				CLANG_WARN_UNREACHABLE_CODE = YES;
				CLANG_WARN__DUPLICATE_METHOD_MATCH = YES;
				COPY_PHASE_STRIP = NO;
				DEBUG_INFORMATION_FORMAT = "dwarf-with-dsym";
				ENABLE_NS_ASSERTIONS = NO;
				ENABLE_STRICT_OBJC_MSGSEND = YES;
				GCC_C_LANGUAGE_STANDARD = gnu11;
				GCC_NO_COMMON_BLOCKS = YES;
				GCC_WARN_64_TO_32_BIT_CONVERSION = YES;
				GCC_WARN_ABOUT_RETURN_TYPE = YES_ERROR;
				GCC_WARN_UNDECLARED_SELECTOR = YES;
				GCC_WARN_UNINITIALIZED_AUTOS = YES_AGGRESSIVE;
				GCC_WARN_UNUSED_FUNCTION = YES;
				GCC_WARN_UNUSED_VARIABLE = YES;
				MTL_ENABLE_DEBUG_INFO = NO;
				MTL_FAST_MATH = YES;
				SWIFT_COMPILATION_MODE = wholemodule;
				SWIFT_OPTIMIZATION_LEVEL = "-O";
			};
			name = Release;
		};
		94B503EE2986C42B00D3F8F5 /* Debug */ = {
			isa = XCBuildConfiguration;
			buildSettings = {
				ASSETCATALOG_COMPILER_APPICON_NAME = AppIcon;
				ASSETCATALOG_COMPILER_GLOBAL_ACCENT_COLOR_NAME = AccentColor;
				CODE_SIGN_STYLE = Automatic;
				CURRENT_PROJECT_VERSION = 1;
				DEVELOPMENT_ASSET_PATHS = "\"CycleAlarm Watch App/Preview Content\"";
				DEVELOPMENT_TEAM = F4GZPUKZXN;
				ENABLE_PREVIEWS = YES;
				GENERATE_INFOPLIST_FILE = YES;
				INFOPLIST_KEY_CFBundleDisplayName = CycleAlarm;
				INFOPLIST_KEY_UISupportedInterfaceOrientations = "UIInterfaceOrientationPortrait UIInterfaceOrientationPortraitUpsideDown";
				INFOPLIST_KEY_WKWatchOnly = YES;
				LD_RUNPATH_SEARCH_PATHS = (
					"$(inherited)",
					"@executable_path/Frameworks",
				);
				MARKETING_VERSION = 1.0;
				PRODUCT_BUNDLE_IDENTIFIER = com.pitkrantz.CycleAlarm.watchkitapp;
				PRODUCT_NAME = "$(TARGET_NAME)";
				SDKROOT = watchos;
				SKIP_INSTALL = YES;
				SWIFT_EMIT_LOC_STRINGS = YES;
				SWIFT_VERSION = 5.0;
				TARGETED_DEVICE_FAMILY = 4;
				WATCHOS_DEPLOYMENT_TARGET = 9.1;
			};
			name = Debug;
		};
		94B503EF2986C42B00D3F8F5 /* Release */ = {
			isa = XCBuildConfiguration;
			buildSettings = {
				ASSETCATALOG_COMPILER_APPICON_NAME = AppIcon;
				ASSETCATALOG_COMPILER_GLOBAL_ACCENT_COLOR_NAME = AccentColor;
				CODE_SIGN_STYLE = Automatic;
				CURRENT_PROJECT_VERSION = 1;
				DEVELOPMENT_ASSET_PATHS = "\"CycleAlarm Watch App/Preview Content\"";
				DEVELOPMENT_TEAM = F4GZPUKZXN;
				ENABLE_PREVIEWS = YES;
				GENERATE_INFOPLIST_FILE = YES;
				INFOPLIST_KEY_CFBundleDisplayName = CycleAlarm;
				INFOPLIST_KEY_UISupportedInterfaceOrientations = "UIInterfaceOrientationPortrait UIInterfaceOrientationPortraitUpsideDown";
				INFOPLIST_KEY_WKWatchOnly = YES;
				LD_RUNPATH_SEARCH_PATHS = (
					"$(inherited)",
					"@executable_path/Frameworks",
				);
				MARKETING_VERSION = 1.0;
				PRODUCT_BUNDLE_IDENTIFIER = com.pitkrantz.CycleAlarm.watchkitapp;
				PRODUCT_NAME = "$(TARGET_NAME)";
				SDKROOT = watchos;
				SKIP_INSTALL = YES;
				SWIFT_EMIT_LOC_STRINGS = YES;
				SWIFT_VERSION = 5.0;
				TARGETED_DEVICE_FAMILY = 4;
				VALIDATE_PRODUCT = YES;
				WATCHOS_DEPLOYMENT_TARGET = 9.1;
			};
			name = Release;
		};
		94B503F22986C42B00D3F8F5 /* Debug */ = {
			isa = XCBuildConfiguration;
			buildSettings = {
				ALWAYS_EMBED_SWIFT_STANDARD_LIBRARIES = YES;
				CODE_SIGN_STYLE = Automatic;
				CURRENT_PROJECT_VERSION = 1;
				DEVELOPMENT_TEAM = F4GZPUKZXN;
				INFOPLIST_KEY_CFBundleDisplayName = CycleAlarm;
				MARKETING_VERSION = 1.0;
				PRODUCT_BUNDLE_IDENTIFIER = com.pitkrantz.CycleAlarm;
				PRODUCT_NAME = "$(TARGET_NAME)";
				SDKROOT = iphoneos;
				SWIFT_VERSION = 5.0;
			};
			name = Debug;
		};
		94B503F32986C42B00D3F8F5 /* Release */ = {
			isa = XCBuildConfiguration;
			buildSettings = {
				ALWAYS_EMBED_SWIFT_STANDARD_LIBRARIES = YES;
				CODE_SIGN_STYLE = Automatic;
				CURRENT_PROJECT_VERSION = 1;
				DEVELOPMENT_TEAM = F4GZPUKZXN;
				INFOPLIST_KEY_CFBundleDisplayName = CycleAlarm;
				MARKETING_VERSION = 1.0;
				PRODUCT_BUNDLE_IDENTIFIER = com.pitkrantz.CycleAlarm;
				PRODUCT_NAME = "$(TARGET_NAME)";
				SDKROOT = iphoneos;
				SWIFT_VERSION = 5.0;
				VALIDATE_PRODUCT = YES;
			};
			name = Release;
		};
/* End XCBuildConfiguration section */

/* Begin XCConfigurationList section */
		94B503D42986C42A00D3F8F5 /* Build configuration list for PBXProject "CycleAlarm" */ = {
			isa = XCConfigurationList;
			buildConfigurations = (
				94B503EB2986C42B00D3F8F5 /* Debug */,
				94B503EC2986C42B00D3F8F5 /* Release */,
			);
			defaultConfigurationIsVisible = 0;
			defaultConfigurationName = Release;
		};
		94B503ED2986C42B00D3F8F5 /* Build configuration list for PBXNativeTarget "CycleAlarm Watch App" */ = {
			isa = XCConfigurationList;
			buildConfigurations = (
				94B503EE2986C42B00D3F8F5 /* Debug */,
				94B503EF2986C42B00D3F8F5 /* Release */,
			);
			defaultConfigurationIsVisible = 0;
			defaultConfigurationName = Release;
		};
		94B503F12986C42B00D3F8F5 /* Build configuration list for PBXNativeTarget "CycleAlarm" */ = {
			isa = XCConfigurationList;
			buildConfigurations = (
				94B503F22986C42B00D3F8F5 /* Debug */,
				94B503F32986C42B00D3F8F5 /* Release */,
			);
			defaultConfigurationIsVisible = 0;
			defaultConfigurationName = Release;
		};
/* End XCConfigurationList section */
	};
	rootObject = 94B503D12986C42A00D3F8F5 /* Project object */;
}
